
Microsoft Visual Studio Solution File, Format Version 12.00
# Visual Studio 14
VisualStudioVersion = 14.0.25420.1
MinimumVisualStudioVersion = 10.0.40219.1
Project("{FAE04EC0-301F-11D3-BF4B-00C04F79EFBC}") = "Engine", "Engine\Engine.csproj", "{BB73F88A-0AD1-4B15-B18D-BC985675D8EF}"
EndProject
Project("{FAE04EC0-301F-11D3-BF4B-00C04F79EFBC}") = "Engine.Specs", "Engine.Specs\Engine.Specs.csproj", "{AD5DEB87-38E0-4509-80AB-D8109C823B32}"
EndProject
Global
	GlobalSection(SolutionConfigurationPlatforms) = preSolution
		Debug|Any CPU = Debug|Any CPU
		Release|Any CPU = Release|Any CPU
	EndGlobalSection
	GlobalSection(ProjectConfigurationPlatforms) = postSolution
		{BB73F88A-0AD1-4B15-B18D-BC985675D8EF}.Debug|Any CPU.ActiveCfg = Debug|Any CPU
		{BB73F88A-0AD1-4B15-B18D-BC985675D8EF}.Debug|Any CPU.Build.0 = Debug|Any CPU
		{BB73F88A-0AD1-4B15-B18D-BC985675D8EF}.Release|Any CPU.ActiveCfg = Release|Any CPU
		{BB73F88A-0AD1-4B15-B18D-BC985675D8EF}.Release|Any CPU.Build.0 = Release|Any CPU
		{AD5DEB87-38E0-4509-80AB-D8109C823B32}.Debug|Any CPU.ActiveCfg = Debug|Any CPU
		{AD5DEB87-38E0-4509-80AB-D8109C823B32}.Debug|Any CPU.Build.0 = Debug|Any CPU
		{AD5DEB87-38E0-4509-80AB-D8109C823B32}.Release|Any CPU.ActiveCfg = Release|Any CPU
		{AD5DEB87-38E0-4509-80AB-D8109C823B32}.Release|Any CPU.Build.0 = Release|Any CPU
	EndGlobalSection
	GlobalSection(SolutionProperties) = preSolution
		HideSolutionNode = FALSE
	EndGlobalSection
EndGlobal
